github.com/asmcos/requests v0.0.0-20210319030608-c839e8ae4946 h1:1B8lZnGJOS3E7LumjuY6lb2NzXy8vBY6N2ag/IK6JdI=
github.com/asmcos/requests v0.0.0-20210319030608-c839e8ae4946/go.mod h1:2W5PB6UTVRBypeouEebhwOJrDZOfJvPwMP1mtD8ZXM4=
github.com/bitly/go-simplejson v0.5.1 h1:xgwPbetQScXt1gh9BmoJ6j9JMr3TElvuIyjR8pgdoow=
github.com/bitly/go-simplejson v0.5.1/go.mod h1:YOPVLzCfwK14b4Sff3oP1AmGhI9T9Vsg84etUnlyp+Q=
github.com/davecgh/go-spew v1.1.1 h1:vj9j/u1bqnvCEfJOwUhtlOARqs3+rkHYY13jYWTU97c=
github.com/davecgh/go-spew v1.1.1/go.mod h1:J7Y8YcW2NihsgmVo/mv3lAwl/skON4iLHjSsI+c5H38=
github.com/mozillazg/request v0.8.0 h1:TbXeQUdBWr1J1df5Z+lQczDFzX9JD71kTCl7Zu/9rNM=
github.com/mozillazg/request v0.8.0/go.mod h1:weoQ/mVFNbWgRBtivCGF1tUT9lwneFesues+CleXMWc=
golang.org/x/net v0.39.0 h1:ZCu7HMWDxpXpaiKdhzIfaltL9Lp31x/3fCP11bc6/fY=
golang.org/x/net v0.39.0/go.mod h1:X7NRbYVEA+ewNkCNyJ513WmMdQ3BineSwVtN2zD/d+E=
